
Microsoft Visual Studio Solution File, Format Version 12.00
# Visual Studio Version 17
VisualStudioVersion = 17.3.32804.467
MinimumVisualStudioVersion = 10.0.40219.1
Project("{9A19103F-16F7-4668-BE54-9A1E7A4F7556}") = "DatebaseFirst", "DatebaseFirst\DatebaseFirst.csproj", "{4EC3E6BE-AD9A-4707-BB1E-26926BC3389B}"
EndProject
Project("{9A19103F-16F7-4668-BE54-9A1E7A4F7556}") = "DatabaseFirstByScaffold", "DatabaseFirstByScaffold\DatabaseFirstByScaffold.csproj", "{8A925EA2-31DC-4F4D-A9B9-A77C24E24CE6}"
EndProject
Project("{9A19103F-16F7-4668-BE54-9A1E7A4F7556}") = "CodeFirstMigrations", "CodeFirstMigrations\CodeFirstMigrations.csproj", "{DBAD2BEA-DBE5-4726-A9BA-A4CC8FCE942B}"
EndProject
Project("{9A19103F-16F7-4668-BE54-9A1E7A4F7556}") = "DbContextStates", "DbContextStates\DbContextStates.csproj", "{4B3337AB-6B54-407B-AEF6-8C5FFA8A8A02}"
EndProject
Project("{9A19103F-16F7-4668-BE54-9A1E7A4F7556}") = "DbContextProperties", "DbContextProperties\DbContextProperties.csproj", "{F928397C-F360-43F1-A3EB-B5C5166F802B}"
EndProject
Project("{FAE04EC0-301F-11D3-BF4B-00C04F79EFBC}") = "RelationShips", "RelationShips\RelationShips.csproj", "{0946F55E-25A9-409B-AF13-B1B55F4117BE}"
EndProject
Global
	GlobalSection(SolutionConfigurationPlatforms) = preSolution
		Debug|Any CPU = Debug|Any CPU
		Release|Any CPU = Release|Any CPU
	EndGlobalSection
	GlobalSection(ProjectConfigurationPlatforms) = postSolution
		{4EC3E6BE-AD9A-4707-BB1E-26926BC3389B}.Debug|Any CPU.ActiveCfg = Debug|Any CPU
		{4EC3E6BE-AD9A-4707-BB1E-26926BC3389B}.Debug|Any CPU.Build.0 = Debug|Any CPU
		{4EC3E6BE-AD9A-4707-BB1E-26926BC3389B}.Release|Any CPU.ActiveCfg = Release|Any CPU
		{4EC3E6BE-AD9A-4707-BB1E-26926BC3389B}.Release|Any CPU.Build.0 = Release|Any CPU
		{8A925EA2-31DC-4F4D-A9B9-A77C24E24CE6}.Debug|Any CPU.ActiveCfg = Debug|Any CPU
		{8A925EA2-31DC-4F4D-A9B9-A77C24E24CE6}.Debug|Any CPU.Build.0 = Debug|Any CPU
		{8A925EA2-31DC-4F4D-A9B9-A77C24E24CE6}.Release|Any CPU.ActiveCfg = Release|Any CPU
		{8A925EA2-31DC-4F4D-A9B9-A77C24E24CE6}.Release|Any CPU.Build.0 = Release|Any CPU
		{DBAD2BEA-DBE5-4726-A9BA-A4CC8FCE942B}.Debug|Any CPU.ActiveCfg = Debug|Any CPU
		{DBAD2BEA-DBE5-4726-A9BA-A4CC8FCE942B}.Debug|Any CPU.Build.0 = Debug|Any CPU
		{DBAD2BEA-DBE5-4726-A9BA-A4CC8FCE942B}.Release|Any CPU.ActiveCfg = Release|Any CPU
		{DBAD2BEA-DBE5-4726-A9BA-A4CC8FCE942B}.Release|Any CPU.Build.0 = Release|Any CPU
		{4B3337AB-6B54-407B-AEF6-8C5FFA8A8A02}.Debug|Any CPU.ActiveCfg = Debug|Any CPU
		{4B3337AB-6B54-407B-AEF6-8C5FFA8A8A02}.Debug|Any CPU.Build.0 = Debug|Any CPU
		{4B3337AB-6B54-407B-AEF6-8C5FFA8A8A02}.Release|Any CPU.ActiveCfg = Release|Any CPU
		{4B3337AB-6B54-407B-AEF6-8C5FFA8A8A02}.Release|Any CPU.Build.0 = Release|Any CPU
		{F928397C-F360-43F1-A3EB-B5C5166F802B}.Debug|Any CPU.ActiveCfg = Debug|Any CPU
		{F928397C-F360-43F1-A3EB-B5C5166F802B}.Debug|Any CPU.Build.0 = Debug|Any CPU
		{F928397C-F360-43F1-A3EB-B5C5166F802B}.Release|Any CPU.ActiveCfg = Release|Any CPU
		{F928397C-F360-43F1-A3EB-B5C5166F802B}.Release|Any CPU.Build.0 = Release|Any CPU
		{0946F55E-25A9-409B-AF13-B1B55F4117BE}.Debug|Any CPU.ActiveCfg = Debug|Any CPU
		{0946F55E-25A9-409B-AF13-B1B55F4117BE}.Debug|Any CPU.Build.0 = Debug|Any CPU
		{0946F55E-25A9-409B-AF13-B1B55F4117BE}.Release|Any CPU.ActiveCfg = Release|Any CPU
		{0946F55E-25A9-409B-AF13-B1B55F4117BE}.Release|Any CPU.Build.0 = Release|Any CPU
	EndGlobalSection
	GlobalSection(SolutionProperties) = preSolution
		HideSolutionNode = FALSE
	EndGlobalSection
	GlobalSection(ExtensibilityGlobals) = postSolution
		SolutionGuid = {EF6A03C3-C42D-48F1-AC0B-ABA124344625}
	EndGlobalSection
	GlobalSection(TeamFoundationVersionControl) = preSolution
		SccNumberOfProjects = 7
		SccEnterpriseProvider = {4CA58AB2-18FA-4F8D-95D4-32DDF27D184C}
		SccTeamFoundationServer = https://ftherdogan.visualstudio.com/
		SccLocalPath0 = .
		SccProjectUniqueName1 = DatabaseFirstByScaffold\\DatabaseFirstByScaffold.csproj
		SccProjectName1 = DatabaseFirstByScaffold
		SccLocalPath1 = DatabaseFirstByScaffold
		SccProjectUniqueName2 = DatebaseFirst\\DatebaseFirst.csproj
		SccProjectName2 = DatebaseFirst
		SccLocalPath2 = DatebaseFirst
		SccProjectUniqueName3 = CodeFirstMigrations\\CodeFirstMigrations.csproj
		SccProjectName3 = CodeFirstMigrations
		SccLocalPath3 = CodeFirstMigrations
		SccProjectUniqueName4 = DbContextStates\\DbContextStates.csproj
		SccProjectName4 = DbContextStates
		SccLocalPath4 = DbContextStates
		SccProjectUniqueName5 = DbContextProperties\\DbContextProperties.csproj
		SccProjectName5 = DbContextProperties
		SccLocalPath5 = DbContextProperties
		SccProjectUniqueName6 = RelationShips\\RelationShips.csproj
		SccProjectName6 = RelationShips
		SccLocalPath6 = RelationShips
	EndGlobalSection
EndGlobal
