
Microsoft Visual Studio Solution File, Format Version 12.00
# Visual Studio Version 16
VisualStudioVersion = 16.0.29201.188
MinimumVisualStudioVersion = 10.0.40219.1
Project("{FAE04EC0-301F-11D3-BF4B-00C04F79EFBC}") = "IISUsernamePasswordSetter", "IISUsernamePasswordSetter\IISUsernamePasswordSetter.csproj", "{39441EFD-76F5-4B4C-9BE2-4E644EF8BF16}"
EndProject
Global
	GlobalSection(SolutionConfigurationPlatforms) = preSolution
		Debug|Any CPU = Debug|Any CPU
		Release|Any CPU = Release|Any CPU
	EndGlobalSection
	GlobalSection(ProjectConfigurationPlatforms) = postSolution
		{39441EFD-76F5-4B4C-9BE2-4E644EF8BF16}.Debug|Any CPU.ActiveCfg = Debug|Any CPU
		{39441EFD-76F5-4B4C-9BE2-4E644EF8BF16}.Debug|Any CPU.Build.0 = Debug|Any CPU
		{39441EFD-76F5-4B4C-9BE2-4E644EF8BF16}.Release|Any CPU.ActiveCfg = Release|Any CPU
		{39441EFD-76F5-4B4C-9BE2-4E644EF8BF16}.Release|Any CPU.Build.0 = Release|Any CPU
	EndGlobalSection
	GlobalSection(SolutionProperties) = preSolution
		HideSolutionNode = FALSE
	EndGlobalSection
	GlobalSection(ExtensibilityGlobals) = postSolution
		SolutionGuid = {DA0211A5-19E8-4951-B82A-21B9295C7D1A}
	EndGlobalSection
	GlobalSection(TeamFoundationVersionControl) = preSolution
		SccNumberOfProjects = 2
		SccEnterpriseProvider = {4CA58AB2-18FA-4F8D-95D4-32DDF27D184C}
		SccTeamFoundationServer = https://ftherdogan.visualstudio.com/
		SccLocalPath0 = .
		SccProjectUniqueName1 = IISUsernamePasswordSetter\\IISUsernamePasswordSetter.csproj
		SccProjectName1 = IISUsernamePasswordSetter
		SccLocalPath1 = IISUsernamePasswordSetter
	EndGlobalSection
EndGlobal
